
Microsoft Visual Studio Solution File, Format Version 12.00
# Visual Studio Version 17
VisualStudioVersion = 17.3.32804.467
MinimumVisualStudioVersion = 10.0.40219.1
Project("{2150E333-8FDC-42A3-9474-1A3956D46DE8}") = "src", "src", "{2EDE3189-68D0-4F7C-BD3F-2434F1BEB27E}"
EndProject
Project("{9A19103F-16F7-4668-BE54-9A1E7A4F7556}") = "Infrastructure", "Infrastructure\Infrastructure.csproj", "{C977CE14-8251-4AE4-9537-FD725929CB98}"
EndProject
Project("{9A19103F-16F7-4668-BE54-9A1E7A4F7556}") = "Core", "Core\Core.csproj", "{35AA0862-AAC4-4D20-AC9A-DAF1AA6EB8ED}"
EndProject
Project("{9A19103F-16F7-4668-BE54-9A1E7A4F7556}") = "AuthJWTWebAPI", "AuthJWTWebAPI\AuthJWTWebAPI.csproj", "{667B4769-0A7D-46CE-97EB-1A0B73BED739}"
EndProject
Global
	GlobalSection(SolutionConfigurationPlatforms) = preSolution
		Debug|Any CPU = Debug|Any CPU
		Release|Any CPU = Release|Any CPU
	EndGlobalSection
	GlobalSection(ProjectConfigurationPlatforms) = postSolution
		{C977CE14-8251-4AE4-9537-FD725929CB98}.Debug|Any CPU.ActiveCfg = Debug|Any CPU
		{C977CE14-8251-4AE4-9537-FD725929CB98}.Debug|Any CPU.Build.0 = Debug|Any CPU
		{C977CE14-8251-4AE4-9537-FD725929CB98}.Release|Any CPU.ActiveCfg = Release|Any CPU
		{C977CE14-8251-4AE4-9537-FD725929CB98}.Release|Any CPU.Build.0 = Release|Any CPU
		{35AA0862-AAC4-4D20-AC9A-DAF1AA6EB8ED}.Debug|Any CPU.ActiveCfg = Debug|Any CPU
		{35AA0862-AAC4-4D20-AC9A-DAF1AA6EB8ED}.Debug|Any CPU.Build.0 = Debug|Any CPU
		{35AA0862-AAC4-4D20-AC9A-DAF1AA6EB8ED}.Release|Any CPU.ActiveCfg = Release|Any CPU
		{35AA0862-AAC4-4D20-AC9A-DAF1AA6EB8ED}.Release|Any CPU.Build.0 = Release|Any CPU
		{667B4769-0A7D-46CE-97EB-1A0B73BED739}.Debug|Any CPU.ActiveCfg = Debug|Any CPU
		{667B4769-0A7D-46CE-97EB-1A0B73BED739}.Debug|Any CPU.Build.0 = Debug|Any CPU
		{667B4769-0A7D-46CE-97EB-1A0B73BED739}.Release|Any CPU.ActiveCfg = Release|Any CPU
		{667B4769-0A7D-46CE-97EB-1A0B73BED739}.Release|Any CPU.Build.0 = Release|Any CPU
	EndGlobalSection
	GlobalSection(SolutionProperties) = preSolution
		HideSolutionNode = FALSE
	EndGlobalSection
	GlobalSection(NestedProjects) = preSolution
		{C977CE14-8251-4AE4-9537-FD725929CB98} = {2EDE3189-68D0-4F7C-BD3F-2434F1BEB27E}
		{35AA0862-AAC4-4D20-AC9A-DAF1AA6EB8ED} = {2EDE3189-68D0-4F7C-BD3F-2434F1BEB27E}
		{667B4769-0A7D-46CE-97EB-1A0B73BED739} = {2EDE3189-68D0-4F7C-BD3F-2434F1BEB27E}
	EndGlobalSection
	GlobalSection(ExtensibilityGlobals) = postSolution
		SolutionGuid = {B79D9D78-6E06-4654-A56F-40579E2D5AC2}
	EndGlobalSection
EndGlobal
